// !$*UTF8*$!
{
	archiveVersion = 1;
	classes = {
	};
	objectVersion = 46;
	objects = {

/* Begin PBXBuildFile section */
		56401A5E192CFF49001DAE60 /* Foundation.framework in Frameworks */ = {isa = PBXBuildFile; fileRef = 56401A5D192CFF49001DAE60 /* Foundation.framework */; };
		56401A60192CFF49001DAE60 /* CoreGraphics.framework in Frameworks */ = {isa = PBXBuildFile; fileRef = 56401A5F192CFF49001DAE60 /* CoreGraphics.framework */; };
		56401A62192CFF49001DAE60 /* UIKit.framework in Frameworks */ = {isa = PBXBuildFile; fileRef = 56401A61192CFF49001DAE60 /* UIKit.framework */; };
		56401A64192CFF49001DAE60 /* CoreData.framework in Frameworks */ = {isa = PBXBuildFile; fileRef = 56401A63192CFF49001DAE60 /* CoreData.framework */; };
		56401A6A192CFF49001DAE60 /* InfoPlist.strings in Resources */ = {isa = PBXBuildFile; fileRef = 56401A68192CFF49001DAE60 /* InfoPlist.strings */; };
		56401A6C192CFF49001DAE60 /* main.m in Sources */ = {isa = PBXBuildFile; fileRef = 56401A6B192CFF49001DAE60 /* main.m */; };
		56401A70192CFF49001DAE60 /* AppDelegate.m in Sources */ = {isa = PBXBuildFile; fileRef = 56401A6F192CFF49001DAE60 /* AppDelegate.m */; };
		56401A73192CFF49001DAE60 /* InterfaceTest.xcdatamodeld in Sources */ = {isa = PBXBuildFile; fileRef = 56401A71192CFF49001DAE60 /* InterfaceTest.xcdatamodeld */; };
		56401A75192CFF49001DAE60 /* Images.xcassets in Resources */ = {isa = PBXBuildFile; fileRef = 56401A74192CFF49001DAE60 /* Images.xcassets */; };
		56401A7C192CFF49001DAE60 /* XCTest.framework in Frameworks */ = {isa = PBXBuildFile; fileRef = 56401A7B192CFF49001DAE60 /* XCTest.framework */; };
		56401A7D192CFF49001DAE60 /* Foundation.framework in Frameworks */ = {isa = PBXBuildFile; fileRef = 56401A5D192CFF49001DAE60 /* Foundation.framework */; };
		56401A7E192CFF49001DAE60 /* UIKit.framework in Frameworks */ = {isa = PBXBuildFile; fileRef = 56401A61192CFF49001DAE60 /* UIKit.framework */; };
		56401A7F192CFF49001DAE60 /* CoreData.framework in Frameworks */ = {isa = PBXBuildFile; fileRef = 56401A63192CFF49001DAE60 /* CoreData.framework */; };
		56401A87192CFF49001DAE60 /* InfoPlist.strings in Resources */ = {isa = PBXBuildFile; fileRef = 56401A85192CFF49001DAE60 /* InfoPlist.strings */; };
		56401A89192CFF49001DAE60 /* InterfaceTestTests.m in Sources */ = {isa = PBXBuildFile; fileRef = 56401A88192CFF49001DAE60 /* InterfaceTestTests.m */; };
		56401A93192CFF5E001DAE60 /* Storyboard.storyboard in Resources */ = {isa = PBXBuildFile; fileRef = 56401A92192CFF5E001DAE60 /* Storyboard.storyboard */; };
		56401A94192CFF5E001DAE60 /* Storyboard.storyboard in Resources */ = {isa = PBXBuildFile; fileRef = 56401A92192CFF5E001DAE60 /* Storyboard.storyboard */; };
		56401A98192CFFF2001DAE60 /* FisrtResponderVC.m in Sources */ = {isa = PBXBuildFile; fileRef = 56401A97192CFFF2001DAE60 /* FisrtResponderVC.m */; };
		56401A99192CFFF2001DAE60 /* FisrtResponderVC.m in Sources */ = {isa = PBXBuildFile; fileRef = 56401A97192CFFF2001DAE60 /* FisrtResponderVC.m */; };
		56401A9C192D0113001DAE60 /* wall.png in Resources */ = {isa = PBXBuildFile; fileRef = 56401A9B192D0113001DAE60 /* wall.png */; };
		56401A9D192D0113001DAE60 /* wall.png in Resources */ = {isa = PBXBuildFile; fileRef = 56401A9B192D0113001DAE60 /* wall.png */; };
		56401AA1192D0228001DAE60 /* wall2.png in Resources */ = {isa = PBXBuildFile; fileRef = 56401AA0192D0228001DAE60 /* wall2.png */; };
		56401AA2192D0228001DAE60 /* wall2.png in Resources */ = {isa = PBXBuildFile; fileRef = 56401AA0192D0228001DAE60 /* wall2.png */; };
		56D2C1D2192DF528001E2EAF /* 1Coeur.png in Resources */ = {isa = PBXBuildFile; fileRef = 56D2C1CF192DF528001E2EAF /* 1Coeur.png */; };
		56D2C1D3192DF528001E2EAF /* 2Coeur.png in Resources */ = {isa = PBXBuildFile; fileRef = 56D2C1D0192DF528001E2EAF /* 2Coeur.png */; };
		56D2C1D4192DF528001E2EAF /* 3Coeur.png in Resources */ = {isa = PBXBuildFile; fileRef = 56D2C1D1192DF528001E2EAF /* 3Coeur.png */; };
/* End PBXBuildFile section */

/* Begin PBXContainerItemProxy section */
		56401A80192CFF49001DAE60 /* PBXContainerItemProxy */ = {
			isa = PBXContainerItemProxy;
			containerPortal = 56401A52192CFF49001DAE60 /* Project object */;
			proxyType = 1;
			remoteGlobalIDString = 56401A59192CFF49001DAE60;
			remoteInfo = InterfaceTest;
		};
/* End PBXContainerItemProxy section */

/* Begin PBXFileReference section */
		56401A5A192CFF49001DAE60 /* InterfaceTest.app */ = {isa = PBXFileReference; explicitFileType = wrapper.application; includeInIndex = 0; path = InterfaceTest.app; sourceTree = BUILT_PRODUCTS_DIR; };
		56401A5D192CFF49001DAE60 /* Foundation.framework */ = {isa = PBXFileReference; lastKnownFileType = wrapper.framework; name = Foundation.framework; path = System/Library/Frameworks/Foundation.framework; sourceTree = SDKROOT; };
		56401A5F192CFF49001DAE60 /* CoreGraphics.framework */ = {isa = PBXFileReference; lastKnownFileType = wrapper.framework; name = CoreGraphics.framework; path = System/Library/Frameworks/CoreGraphics.framework; sourceTree = SDKROOT; };
		56401A61192CFF49001DAE60 /* UIKit.framework */ = {isa = PBXFileReference; lastKnownFileType = wrapper.framework; name = UIKit.framework; path = System/Library/Frameworks/UIKit.framework; sourceTree = SDKROOT; };
		56401A63192CFF49001DAE60 /* CoreData.framework */ = {isa = PBXFileReference; lastKnownFileType = wrapper.framework; name = CoreData.framework; path = System/Library/Frameworks/CoreData.framework; sourceTree = SDKROOT; };
		56401A67192CFF49001DAE60 /* InterfaceTest-Info.plist */ = {isa = PBXFileReference; lastKnownFileType = text.plist.xml; path = "InterfaceTest-Info.plist"; sourceTree = "<group>"; };
		56401A69192CFF49001DAE60 /* en */ = {isa = PBXFileReference; lastKnownFileType = text.plist.strings; name = en; path = en.lproj/InfoPlist.strings; sourceTree = "<group>"; };
		56401A6B192CFF49001DAE60 /* main.m */ = {isa = PBXFileReference; lastKnownFileType = sourcecode.c.objc; path = main.m; sourceTree = "<group>"; };
		56401A6D192CFF49001DAE60 /* InterfaceTest-Prefix.pch */ = {isa = PBXFileReference; lastKnownFileType = sourcecode.c.h; path = "InterfaceTest-Prefix.pch"; sourceTree = "<group>"; };
		56401A6E192CFF49001DAE60 /* AppDelegate.h */ = {isa = PBXFileReference; lastKnownFileType = sourcecode.c.h; path = AppDelegate.h; sourceTree = "<group>"; };
		56401A6F192CFF49001DAE60 /* AppDelegate.m */ = {isa = PBXFileReference; lastKnownFileType = sourcecode.c.objc; path = AppDelegate.m; sourceTree = "<group>"; };
		56401A72192CFF49001DAE60 /* InterfaceTest.xcdatamodel */ = {isa = PBXFileReference; lastKnownFileType = wrapper.xcdatamodel; path = InterfaceTest.xcdatamodel; sourceTree = "<group>"; };
		56401A74192CFF49001DAE60 /* Images.xcassets */ = {isa = PBXFileReference; lastKnownFileType = folder.assetcatalog; path = Images.xcassets; sourceTree = "<group>"; };
		56401A7A192CFF49001DAE60 /* InterfaceTestTests.xctest */ = {isa = PBXFileReference; explicitFileType = wrapper.cfbundle; includeInIndex = 0; path = InterfaceTestTests.xctest; sourceTree = BUILT_PRODUCTS_DIR; };
		56401A7B192CFF49001DAE60 /* XCTest.framework */ = {isa = PBXFileReference; lastKnownFileType = wrapper.framework; name = XCTest.framework; path = Library/Frameworks/XCTest.framework; sourceTree = DEVELOPER_DIR; };
		56401A84192CFF49001DAE60 /* InterfaceTestTests-Info.plist */ = {isa = PBXFileReference; lastKnownFileType = text.plist.xml; path = "InterfaceTestTests-Info.plist"; sourceTree = "<group>"; };
		56401A86192CFF49001DAE60 /* en */ = {isa = PBXFileReference; lastKnownFileType = text.plist.strings; name = en; path = en.lproj/InfoPlist.strings; sourceTree = "<group>"; };
		56401A88192CFF49001DAE60 /* InterfaceTestTests.m */ = {isa = PBXFileReference; lastKnownFileType = sourcecode.c.objc; path = InterfaceTestTests.m; sourceTree = "<group>"; };
		56401A92192CFF5E001DAE60 /* Storyboard.storyboard */ = {isa = PBXFileReference; fileEncoding = 4; lastKnownFileType = file.storyboard; path = Storyboard.storyboard; sourceTree = "<group>"; };
		56401A96192CFFF2001DAE60 /* FisrtResponderVC.h */ = {isa = PBXFileReference; fileEncoding = 4; lastKnownFileType = sourcecode.c.h; path = FisrtResponderVC.h; sourceTree = "<group>"; };
		56401A97192CFFF2001DAE60 /* FisrtResponderVC.m */ = {isa = PBXFileReference; fileEncoding = 4; lastKnownFileType = sourcecode.c.objc; path = FisrtResponderVC.m; sourceTree = "<group>"; };
		56401A9B192D0113001DAE60 /* wall.png */ = {isa = PBXFileReference; lastKnownFileType = image.png; path = wall.png; sourceTree = "<group>"; };
		56401AA0192D0228001DAE60 /* wall2.png */ = {isa = PBXFileReference; lastKnownFileType = image.png; path = wall2.png; sourceTree = "<group>"; };
		56D2C1CF192DF528001E2EAF /* 1Coeur.png */ = {isa = PBXFileReference; lastKnownFileType = image.png; path = 1Coeur.png; sourceTree = "<group>"; };
		56D2C1D0192DF528001E2EAF /* 2Coeur.png */ = {isa = PBXFileReference; lastKnownFileType = image.png; path = 2Coeur.png; sourceTree = "<group>"; };
		56D2C1D1192DF528001E2EAF /* 3Coeur.png */ = {isa = PBXFileReference; lastKnownFileType = image.png; path = 3Coeur.png; sourceTree = "<group>"; };
/* End PBXFileReference section */

/* Begin PBXFrameworksBuildPhase section */
		56401A57192CFF49001DAE60 /* Frameworks */ = {
			isa = PBXFrameworksBuildPhase;
			buildActionMask = 2147483647;
			files = (
				56401A60192CFF49001DAE60 /* CoreGraphics.framework in Frameworks */,
				56401A64192CFF49001DAE60 /* CoreData.framework in Frameworks */,
				56401A62192CFF49001DAE60 /* UIKit.framework in Frameworks */,
				56401A5E192CFF49001DAE60 /* Foundation.framework in Frameworks */,
			);
			runOnlyForDeploymentPostprocessing = 0;
		};
		56401A77192CFF49001DAE60 /* Frameworks */ = {
			isa = PBXFrameworksBuildPhase;
			buildActionMask = 2147483647;
			files = (
				56401A7C192CFF49001DAE60 /* XCTest.framework in Frameworks */,
				56401A7F192CFF49001DAE60 /* CoreData.framework in Frameworks */,
				56401A7E192CFF49001DAE60 /* UIKit.framework in Frameworks */,
				56401A7D192CFF49001DAE60 /* Foundation.framework in Frameworks */,
			);
			runOnlyForDeploymentPostprocessing = 0;
		};
/* End PBXFrameworksBuildPhase section */

/* Begin PBXGroup section */
		56401A51192CFF49001DAE60 = {
			isa = PBXGroup;
			children = (
				56401A65192CFF49001DAE60 /* InterfaceTest */,
				56401A82192CFF49001DAE60 /* InterfaceTestTests */,
				56401A5C192CFF49001DAE60 /* Frameworks */,
				56401A5B192CFF49001DAE60 /* Products */,
			);
			sourceTree = "<group>";
		};
		56401A5B192CFF49001DAE60 /* Products */ = {
			isa = PBXGroup;
			children = (
				56401A5A192CFF49001DAE60 /* InterfaceTest.app */,
				56401A7A192CFF49001DAE60 /* InterfaceTestTests.xctest */,
			);
			name = Products;
			sourceTree = "<group>";
		};
		56401A5C192CFF49001DAE60 /* Frameworks */ = {
			isa = PBXGroup;
			children = (
				56401A5D192CFF49001DAE60 /* Foundation.framework */,
				56401A5F192CFF49001DAE60 /* CoreGraphics.framework */,
				56401A61192CFF49001DAE60 /* UIKit.framework */,
				56401A63192CFF49001DAE60 /* CoreData.framework */,
				56401A7B192CFF49001DAE60 /* XCTest.framework */,
			);
			name = Frameworks;
			sourceTree = "<group>";
		};
		56401A65192CFF49001DAE60 /* InterfaceTest */ = {
			isa = PBXGroup;
			children = (
				56401A9A192D00ED001DAE60 /* res */,
				56401A95192CFFD4001DAE60 /* UI */,
				56401A6E192CFF49001DAE60 /* AppDelegate.h */,
				56401A6F192CFF49001DAE60 /* AppDelegate.m */,
				56401A74192CFF49001DAE60 /* Images.xcassets */,
				56401A71192CFF49001DAE60 /* InterfaceTest.xcdatamodeld */,
				56401A66192CFF49001DAE60 /* Supporting Files */,
			);
			path = InterfaceTest;
			sourceTree = "<group>";
		};
		56401A66192CFF49001DAE60 /* Supporting Files */ = {
			isa = PBXGroup;
			children = (
				56401A67192CFF49001DAE60 /* InterfaceTest-Info.plist */,
				56401A68192CFF49001DAE60 /* InfoPlist.strings */,
				56401A6B192CFF49001DAE60 /* main.m */,
				56401A6D192CFF49001DAE60 /* InterfaceTest-Prefix.pch */,
			);
			name = "Supporting Files";
			sourceTree = "<group>";
		};
		56401A82192CFF49001DAE60 /* InterfaceTestTests */ = {
			isa = PBXGroup;
			children = (
				56401A88192CFF49001DAE60 /* InterfaceTestTests.m */,
				56401A83192CFF49001DAE60 /* Supporting Files */,
			);
			path = InterfaceTestTests;
			sourceTree = "<group>";
		};
		56401A83192CFF49001DAE60 /* Supporting Files */ = {
			isa = PBXGroup;
			children = (
				56401A84192CFF49001DAE60 /* InterfaceTestTests-Info.plist */,
				56401A85192CFF49001DAE60 /* InfoPlist.strings */,
			);
			name = "Supporting Files";
			sourceTree = "<group>";
		};
		56401A95192CFFD4001DAE60 /* UI */ = {
			isa = PBXGroup;
			children = (
				56401A92192CFF5E001DAE60 /* Storyboard.storyboard */,
				56401A96192CFFF2001DAE60 /* FisrtResponderVC.h */,
				56401A97192CFFF2001DAE60 /* FisrtResponderVC.m */,
			);
			name = UI;
			sourceTree = "<group>";
		};
		56401A9A192D00ED001DAE60 /* res */ = {
			isa = PBXGroup;
			children = (
				56D2C1CE192DF516001E2EAF /* Carte */,
				56401AA0192D0228001DAE60 /* wall2.png */,
				56401A9B192D0113001DAE60 /* wall.png */,
			);
			name = res;
			sourceTree = "<group>";
		};
		56D2C1CE192DF516001E2EAF /* Carte */ = {
			isa = PBXGroup;
			children = (
				56D2C1CF192DF528001E2EAF /* 1Coeur.png */,
				56D2C1D0192DF528001E2EAF /* 2Coeur.png */,
				56D2C1D1192DF528001E2EAF /* 3Coeur.png */,
			);
			name = Carte;
			sourceTree = "<group>";
		};
/* End PBXGroup section */

/* Begin PBXNativeTarget section */
		56401A59192CFF49001DAE60 /* InterfaceTest */ = {
			isa = PBXNativeTarget;
			buildConfigurationList = 56401A8C192CFF49001DAE60 /* Build configuration list for PBXNativeTarget "InterfaceTest" */;
			buildPhases = (
				56401A56192CFF49001DAE60 /* Sources */,
				56401A57192CFF49001DAE60 /* Frameworks */,
				56401A58192CFF49001DAE60 /* Resources */,
			);
			buildRules = (
			);
			dependencies = (
			);
			name = InterfaceTest;
			productName = InterfaceTest;
			productReference = 56401A5A192CFF49001DAE60 /* InterfaceTest.app */;
			productType = "com.apple.product-type.application";
		};
		56401A79192CFF49001DAE60 /* InterfaceTestTests */ = {
			isa = PBXNativeTarget;
			buildConfigurationList = 56401A8F192CFF49001DAE60 /* Build configuration list for PBXNativeTarget "InterfaceTestTests" */;
			buildPhases = (
				56401A76192CFF49001DAE60 /* Sources */,
				56401A77192CFF49001DAE60 /* Frameworks */,
				56401A78192CFF49001DAE60 /* Resources */,
			);
			buildRules = (
			);
			dependencies = (
				56401A81192CFF49001DAE60 /* PBXTargetDependency */,
			);
			name = InterfaceTestTests;
			productName = InterfaceTestTests;
			productReference = 56401A7A192CFF49001DAE60 /* InterfaceTestTests.xctest */;
			productType = "com.apple.product-type.bundle.unit-test";
		};
/* End PBXNativeTarget section */

/* Begin PBXProject section */
		56401A52192CFF49001DAE60 /* Project object */ = {
			isa = PBXProject;
			attributes = {
				LastUpgradeCheck = 0510;
				ORGANIZATIONNAME = "Romain GABEL";
				TargetAttributes = {
					56401A79192CFF49001DAE60 = {
						TestTargetID = 56401A59192CFF49001DAE60;
					};
				};
			};
			buildConfigurationList = 56401A55192CFF49001DAE60 /* Build configuration list for PBXProject "InterfaceTest" */;
			compatibilityVersion = "Xcode 3.2";
			developmentRegion = English;
			hasScannedForEncodings = 0;
			knownRegions = (
				en,
			);
			mainGroup = 56401A51192CFF49001DAE60;
			productRefGroup = 56401A5B192CFF49001DAE60 /* Products */;
			projectDirPath = "";
			projectRoot = "";
			targets = (
				56401A59192CFF49001DAE60 /* InterfaceTest */,
				56401A79192CFF49001DAE60 /* InterfaceTestTests */,
			);
		};
/* End PBXProject section */

/* Begin PBXResourcesBuildPhase section */
		56401A58192CFF49001DAE60 /* Resources */ = {
			isa = PBXResourcesBuildPhase;
			buildActionMask = 2147483647;
			files = (
				56D2C1D2192DF528001E2EAF /* 1Coeur.png in Resources */,
				56401A6A192CFF49001DAE60 /* InfoPlist.strings in Resources */,
				56401A75192CFF49001DAE60 /* Images.xcassets in Resources */,
				56D2C1D3192DF528001E2EAF /* 2Coeur.png in Resources */,
				56401AA1192D0228001DAE60 /* wall2.png in Resources */,
				56401A93192CFF5E001DAE60 /* Storyboard.storyboard in Resources */,
				56D2C1D4192DF528001E2EAF /* 3Coeur.png in Resources */,
				56401A9C192D0113001DAE60 /* wall.png in Resources */,
			);
			runOnlyForDeploymentPostprocessing = 0;
		};
		56401A78192CFF49001DAE60 /* Resources */ = {
			isa = PBXResourcesBuildPhase;
			buildActionMask = 2147483647;
			files = (
				56401A87192CFF49001DAE60 /* InfoPlist.strings in Resources */,
				56401A94192CFF5E001DAE60 /* Storyboard.storyboard in Resources */,
				56401AA2192D0228001DAE60 /* wall2.png in Resources */,
				56401A9D192D0113001DAE60 /* wall.png in Resources */,
			);
			runOnlyForDeploymentPostprocessing = 0;
		};
/* End PBXResourcesBuildPhase section */

/* Begin PBXSourcesBuildPhase section */
		56401A56192CFF49001DAE60 /* Sources */ = {
			isa = PBXSourcesBuildPhase;
			buildActionMask = 2147483647;
			files = (
				56401A98192CFFF2001DAE60 /* FisrtResponderVC.m in Sources */,
				56401A70192CFF49001DAE60 /* AppDelegate.m in Sources */,
				56401A6C192CFF49001DAE60 /* main.m in Sources */,
				56401A73192CFF49001DAE60 /* InterfaceTest.xcdatamodeld in Sources */,
			);
			runOnlyForDeploymentPostprocessing = 0;
		};
		56401A76192CFF49001DAE60 /* Sources */ = {
			isa = PBXSourcesBuildPhase;
			buildActionMask = 2147483647;
			files = (
				56401A99192CFFF2001DAE60 /* FisrtResponderVC.m in Sources */,
				56401A89192CFF49001DAE60 /* InterfaceTestTests.m in Sources */,
			);
			runOnlyForDeploymentPostprocessing = 0;
		};
/* End PBXSourcesBuildPhase section */

/* Begin PBXTargetDependency section */
		56401A81192CFF49001DAE60 /* PBXTargetDependency */ = {
			isa = PBXTargetDependency;
			target = 56401A59192CFF49001DAE60 /* InterfaceTest */;
			targetProxy = 56401A80192CFF49001DAE60 /* PBXContainerItemProxy */;
		};
/* End PBXTargetDependency section */

/* Begin PBXVariantGroup section */
		56401A68192CFF49001DAE60 /* InfoPlist.strings */ = {
			isa = PBXVariantGroup;
			children = (
				56401A69192CFF49001DAE60 /* en */,
			);
			name = InfoPlist.strings;
			sourceTree = "<group>";
		};
		56401A85192CFF49001DAE60 /* InfoPlist.strings */ = {
			isa = PBXVariantGroup;
			children = (
				56401A86192CFF49001DAE60 /* en */,
			);
			name = InfoPlist.strings;
			sourceTree = "<group>";
		};
/* End PBXVariantGroup section */

/* Begin XCBuildConfiguration section */
		56401A8A192CFF49001DAE60 /* Debug */ = {
			isa = XCBuildConfiguration;
			buildSettings = {
				ALWAYS_SEARCH_USER_PATHS = NO;
				CLANG_CXX_LANGUAGE_STANDARD = "gnu++0x";
				CLANG_CXX_LIBRARY = "libc++";
				CLANG_ENABLE_MODULES = YES;
				CLANG_ENABLE_OBJC_ARC = YES;
				CLANG_WARN_BOOL_CONVERSION = YES;
				CLANG_WARN_CONSTANT_CONVERSION = YES;
				CLANG_WARN_DIRECT_OBJC_ISA_USAGE = YES_ERROR;
				CLANG_WARN_EMPTY_BODY = YES;
				CLANG_WARN_ENUM_CONVERSION = YES;
				CLANG_WARN_INT_CONVERSION = YES;
				CLANG_WARN_OBJC_ROOT_CLASS = YES_ERROR;
				CLANG_WARN__DUPLICATE_METHOD_MATCH = YES;
				"CODE_SIGN_IDENTITY[sdk=iphoneos*]" = "iPhone Developer";
				COPY_PHASE_STRIP = NO;
				GCC_C_LANGUAGE_STANDARD = gnu99;
				GCC_DYNAMIC_NO_PIC = NO;
				GCC_OPTIMIZATION_LEVEL = 0;
				GCC_PREPROCESSOR_DEFINITIONS = (
					"DEBUG=1",
					"$(inherited)",
				);
				GCC_SYMBOLS_PRIVATE_EXTERN = NO;
				GCC_WARN_64_TO_32_BIT_CONVERSION = YES;
				GCC_WARN_ABOUT_RETURN_TYPE = YES_ERROR;
				GCC_WARN_UNDECLARED_SELECTOR = YES;
				GCC_WARN_UNINITIALIZED_AUTOS = YES_AGGRESSIVE;
				GCC_WARN_UNUSED_FUNCTION = YES;
				GCC_WARN_UNUSED_VARIABLE = YES;
				IPHONEOS_DEPLOYMENT_TARGET = 7.1;
				ONLY_ACTIVE_ARCH = YES;
				SDKROOT = iphoneos;
			};
			name = Debug;
		};
		56401A8B192CFF49001DAE60 /* Release */ = {
			isa = XCBuildConfiguration;
			buildSettings = {
				ALWAYS_SEARCH_USER_PATHS = NO;
				CLANG_CXX_LANGUAGE_STANDARD = "gnu++0x";
				CLANG_CXX_LIBRARY = "libc++";
				CLANG_ENABLE_MODULES = YES;
				CLANG_ENABLE_OBJC_ARC = YES;
				CLANG_WARN_BOOL_CONVERSION = YES;
				CLANG_WARN_CONSTANT_CONVERSION = YES;
				CLANG_WARN_DIRECT_OBJC_ISA_USAGE = YES_ERROR;
				CLANG_WARN_EMPTY_BODY = YES;
				CLANG_WARN_ENUM_CONVERSION = YES;
				CLANG_WARN_INT_CONVERSION = YES;
				CLANG_WARN_OBJC_ROOT_CLASS = YES_ERROR;
				CLANG_WARN__DUPLICATE_METHOD_MATCH = YES;
				"CODE_SIGN_IDENTITY[sdk=iphoneos*]" = "iPhone Developer";
				COPY_PHASE_STRIP = YES;
				ENABLE_NS_ASSERTIONS = NO;
				GCC_C_LANGUAGE_STANDARD = gnu99;
				GCC_WARN_64_TO_32_BIT_CONVERSION = YES;
				GCC_WARN_ABOUT_RETURN_TYPE = YES_ERROR;
				GCC_WARN_UNDECLARED_SELECTOR = YES;
				GCC_WARN_UNINITIALIZED_AUTOS = YES_AGGRESSIVE;
				GCC_WARN_UNUSED_FUNCTION = YES;
				GCC_WARN_UNUSED_VARIABLE = YES;
				IPHONEOS_DEPLOYMENT_TARGET = 7.1;
				SDKROOT = iphoneos;
				VALIDATE_PRODUCT = YES;
			};
			name = Release;
		};
		56401A8D192CFF49001DAE60 /* Debug */ = {
			isa = XCBuildConfiguration;
			buildSettings = {
				ASSETCATALOG_COMPILER_APPICON_NAME = AppIcon;
				ASSETCATALOG_COMPILER_LAUNCHIMAGE_NAME = LaunchImage;
				GCC_PRECOMPILE_PREFIX_HEADER = YES;
				GCC_PREFIX_HEADER = "InterfaceTest/InterfaceTest-Prefix.pch";
				INFOPLIST_FILE = "InterfaceTest/InterfaceTest-Info.plist";
				PRODUCT_NAME = "$(TARGET_NAME)";
				WRAPPER_EXTENSION = app;
			};
			name = Debug;
		};
		56401A8E192CFF49001DAE60 /* Release */ = {
			isa = XCBuildConfiguration;
			buildSettings = {
				ASSETCATALOG_COMPILER_APPICON_NAME = AppIcon;
				ASSETCATALOG_COMPILER_LAUNCHIMAGE_NAME = LaunchImage;
				GCC_PRECOMPILE_PREFIX_HEADER = YES;
				GCC_PREFIX_HEADER = "InterfaceTest/InterfaceTest-Prefix.pch";
				INFOPLIST_FILE = "InterfaceTest/InterfaceTest-Info.plist";
				PRODUCT_NAME = "$(TARGET_NAME)";
				WRAPPER_EXTENSION = app;
			};
			name = Release;
		};
		56401A90192CFF49001DAE60 /* Debug */ = {
			isa = XCBuildConfiguration;
			buildSettings = {
				BUNDLE_LOADER = "$(BUILT_PRODUCTS_DIR)/InterfaceTest.app/InterfaceTest";
				FRAMEWORK_SEARCH_PATHS = (
					"$(SDKROOT)/Developer/Library/Frameworks",
					"$(inherited)",
					"$(DEVELOPER_FRAMEWORKS_DIR)",
				);
				GCC_PRECOMPILE_PREFIX_HEADER = YES;
				GCC_PREFIX_HEADER = "InterfaceTest/InterfaceTest-Prefix.pch";
				GCC_PREPROCESSOR_DEFINITIONS = (
					"DEBUG=1",
					"$(inherited)",
				);
				INFOPLIST_FILE = "InterfaceTestTests/InterfaceTestTests-Info.plist";
				PRODUCT_NAME = "$(TARGET_NAME)";
				TEST_HOST = "$(BUNDLE_LOADER)";
				WRAPPER_EXTENSION = xctest;
			};
			name = Debug;
		};
		56401A91192CFF49001DAE60 /* Release */ = {
			isa = XCBuildConfiguration;
			buildSettings = {
				BUNDLE_LOADER = "$(BUILT_PRODUCTS_DIR)/InterfaceTest.app/InterfaceTest";
				FRAMEWORK_SEARCH_PATHS = (
					"$(SDKROOT)/Developer/Library/Frameworks",
					"$(inherited)",
					"$(DEVELOPER_FRAMEWORKS_DIR)",
				);
				GCC_PRECOMPILE_PREFIX_HEADER = YES;
				GCC_PREFIX_HEADER = "InterfaceTest/InterfaceTest-Prefix.pch";
				INFOPLIST_FILE = "InterfaceTestTests/InterfaceTestTests-Info.plist";
				PRODUCT_NAME = "$(TARGET_NAME)";
				TEST_HOST = "$(BUNDLE_LOADER)";
				WRAPPER_EXTENSION = xctest;
			};
			name = Release;
		};
/* End XCBuildConfiguration section */

/* Begin XCConfigurationList section */
		56401A55192CFF49001DAE60 /* Build configuration list for PBXProject "InterfaceTest" */ = {
			isa = XCConfigurationList;
			buildConfigurations = (
				56401A8A192CFF49001DAE60 /* Debug */,
				56401A8B192CFF49001DAE60 /* Release */,
			);
			defaultConfigurationIsVisible = 0;
			defaultConfigurationName = Release;
		};
		56401A8C192CFF49001DAE60 /* Build configuration list for PBXNativeTarget "InterfaceTest" */ = {
			isa = XCConfigurationList;
			buildConfigurations = (
				56401A8D192CFF49001DAE60 /* Debug */,
				56401A8E192CFF49001DAE60 /* Release */,
			);
			defaultConfigurationIsVisible = 0;
			defaultConfigurationName = Release;
		};
		56401A8F192CFF49001DAE60 /* Build configuration list for PBXNativeTarget "InterfaceTestTests" */ = {
			isa = XCConfigurationList;
			buildConfigurations = (
				56401A90192CFF49001DAE60 /* Debug */,
				56401A91192CFF49001DAE60 /* Release */,
			);
			defaultConfigurationIsVisible = 0;
			defaultConfigurationName = Release;
		};
/* End XCConfigurationList section */

/* Begin XCVersionGroup section */
		56401A71192CFF49001DAE60 /* InterfaceTest.xcdatamodeld */ = {
			isa = XCVersionGroup;
			children = (
				56401A72192CFF49001DAE60 /* InterfaceTest.xcdatamodel */,
			);
			currentVersion = 56401A72192CFF49001DAE60 /* InterfaceTest.xcdatamodel */;
			path = InterfaceTest.xcdatamodeld;
			sourceTree = "<group>";
			versionGroupType = wrapper.xcdatamodel;
		};
/* End XCVersionGroup section */
	};
	rootObject = 56401A52192CFF49001DAE60 /* Project object */;
}
